{
  "name": "quranic-light-app",
  "lockfileVersion": 3,
  "requires": true,
  "packages": {
    "": {
      "dependencies": {
        "@quranjs/api": "^1.7.3"
      }
    },
    "node_modules/@quranjs/api": {
      "version": "1.7.3",
      "resolved": "https://registry.npmjs.org/@quranjs/api/-/api-1.7.3.tgz",
      "integrity": "sha512-SsPB+pWBa3a6mKwPR61td9qEthihU0cJRVybaHDt07rPOQO3CvxhO7DYVtAOTHbh3wrxmhTj37/uh5dR6LZngw==",
      "license": "MIT",
      "dependencies": {
        "humps": "^2.0.1"
      },
      "engines": {
        "node": ">=12"
      }
    },
    "node_modules/humps": {
      "version": "2.0.1",
      "resolved": "https://registry.npmjs.org/humps/-/humps-2.0.1.tgz",
      "integrity": "sha512-E0eIbrFWUhwfXJmsbdjRQFQPrl5pTEoKlz163j1mTqqUnU9PgR4AgB8AIITzuB3vLBdxZXyZ9TDIrwB2OASz4g==",
      "license": "MIT"
    }
  }
}
